
Microsoft Visual Studio Solution File, Format Version 12.00
# Visual Studio Version 17
VisualStudioVersion = 17.6.33801.468
MinimumVisualStudioVersion = 10.0.40219.1
Project("{FAE04EC0-301F-11D3-BF4B-00C04F79EFBC}") = "ConsoleApp7", "ConsoleApp7.csproj", "{F04E5173-C1A2-42BF-B0A2-AF7509D6DE2E}"
EndProject
Global
	GlobalSection(SolutionConfigurationPlatforms) = preSolution
		Debug|Any CPU = Debug|Any CPU
		Release|Any CPU = Release|Any CPU
	EndGlobalSection
	GlobalSection(ProjectConfigurationPlatforms) = postSolution
		{F04E5173-C1A2-42BF-B0A2-AF7509D6DE2E}.Debug|Any CPU.ActiveCfg = Debug|Any CPU
		{F04E5173-C1A2-42BF-B0A2-AF7509D6DE2E}.Debug|Any CPU.Build.0 = Debug|Any CPU
		{F04E5173-C1A2-42BF-B0A2-AF7509D6DE2E}.Release|Any CPU.ActiveCfg = Release|Any CPU
		{F04E5173-C1A2-42BF-B0A2-AF7509D6DE2E}.Release|Any CPU.Build.0 = Release|Any CPU
	EndGlobalSection
	GlobalSection(SolutionProperties) = preSolution
		HideSolutionNode = FALSE
	EndGlobalSection
	GlobalSection(ExtensibilityGlobals) = postSolution
		SolutionGuid = {37B8DBBC-16E3-423F-9F2D-CD2489C54153}
	EndGlobalSection
EndGlobal
